// !$*UTF8*$!
{
	archiveVersion = 1;
	classes = {
	};
	objectVersion = 77;
	objects = {

/* Begin PBXBuildFile section */
		6A0B0BDA2CF0B0FF00547BF5 /* DividingView.swift in Sources */ = {isa = PBXBuildFile; fileRef = 6A0B0BD92CF0B0FF00547BF5 /* DividingView.swift */; };
		6A0B0BDE2CF0FDBC00547BF5 /* AllTasksView.swift in Sources */ = {isa = PBXBuildFile; fileRef = 6A0B0BDD2CF0FDBC00547BF5 /* AllTasksView.swift */; };
/* End PBXBuildFile section */

/* Begin PBXContainerItemProxy section */
		6A0B0B7A2CEED7CA00547BF5 /* PBXContainerItemProxy */ = {
			isa = PBXContainerItemProxy;
			containerPortal = 6A0B0B612CEED7C800547BF5 /* Project object */;
			proxyType = 1;
			remoteGlobalIDString = 6A0B0B682CEED7C800547BF5;
			remoteInfo = TaskListTracker;
		};
		6A0B0B842CEED7CA00547BF5 /* PBXContainerItemProxy */ = {
			isa = PBXContainerItemProxy;
			containerPortal = 6A0B0B612CEED7C800547BF5 /* Project object */;
			proxyType = 1;
			remoteGlobalIDString = 6A0B0B682CEED7C800547BF5;
			remoteInfo = TaskListTracker;
		};
/* End PBXContainerItemProxy section */

/* Begin PBXFileReference section */
		6A0B0B692CEED7C800547BF5 /* TaskListTracker.app */ = {isa = PBXFileReference; explicitFileType = wrapper.application; includeInIndex = 0; path = TaskListTracker.app; sourceTree = BUILT_PRODUCTS_DIR; };
		6A0B0B792CEED7CA00547BF5 /* TaskListTrackerTests.xctest */ = {isa = PBXFileReference; explicitFileType = wrapper.cfbundle; includeInIndex = 0; path = TaskListTrackerTests.xctest; sourceTree = BUILT_PRODUCTS_DIR; };
		6A0B0B832CEED7CA00547BF5 /* TaskListTrackerUITests.xctest */ = {isa = PBXFileReference; explicitFileType = wrapper.cfbundle; includeInIndex = 0; path = TaskListTrackerUITests.xctest; sourceTree = BUILT_PRODUCTS_DIR; };
		6A0B0BD92CF0B0FF00547BF5 /* DividingView.swift */ = {isa = PBXFileReference; lastKnownFileType = sourcecode.swift; path = DividingView.swift; sourceTree = "<group>"; };
		6A0B0BDD2CF0FDBC00547BF5 /* AllTasksView.swift */ = {isa = PBXFileReference; lastKnownFileType = sourcecode.swift; path = AllTasksView.swift; sourceTree = "<group>"; };
/* End PBXFileReference section */

/* Begin PBXFileSystemSynchronizedRootGroup section */
		6A0B0B6B2CEED7C800547BF5 /* TaskListTracker */ = {
			isa = PBXFileSystemSynchronizedRootGroup;
			path = TaskListTracker;
			sourceTree = "<group>";
		};
		6A0B0B7C2CEED7CA00547BF5 /* TaskListTrackerTests */ = {
			isa = PBXFileSystemSynchronizedRootGroup;
			path = TaskListTrackerTests;
			sourceTree = "<group>";
		};
		6A0B0B862CEED7CA00547BF5 /* TaskListTrackerUITests */ = {
			isa = PBXFileSystemSynchronizedRootGroup;
			path = TaskListTrackerUITests;
			sourceTree = "<group>";
		};
/* End PBXFileSystemSynchronizedRootGroup section */

/* Begin PBXFrameworksBuildPhase section */
		6A0B0B662CEED7C800547BF5 /* Frameworks */ = {
			isa = PBXFrameworksBuildPhase;
			buildActionMask = 2147483647;
			files = (
			);
			runOnlyForDeploymentPostprocessing = 0;
		};
		6A0B0B762CEED7CA00547BF5 /* Frameworks */ = {
			isa = PBXFrameworksBuildPhase;
			buildActionMask = 2147483647;
			files = (
			);
			runOnlyForDeploymentPostprocessing = 0;
		};
		6A0B0B802CEED7CA00547BF5 /* Frameworks */ = {
			isa = PBXFrameworksBuildPhase;
			buildActionMask = 2147483647;
			files = (
			);
			runOnlyForDeploymentPostprocessing = 0;
		};
/* End PBXFrameworksBuildPhase section */

/* Begin PBXGroup section */
		6A0B0B602CEED7C800547BF5 = {
			isa = PBXGroup;
			children = (
				6A0B0BDD2CF0FDBC00547BF5 /* AllTasksView.swift */,
				6A0B0BD92CF0B0FF00547BF5 /* DividingView.swift */,
				6A0B0B6B2CEED7C800547BF5 /* TaskListTracker */,
				6A0B0B7C2CEED7CA00547BF5 /* TaskListTrackerTests */,
				6A0B0B862CEED7CA00547BF5 /* TaskListTrackerUITests */,
				6A0B0B6A2CEED7C800547BF5 /* Products */,
			);
			sourceTree = "<group>";
		};
		6A0B0B6A2CEED7C800547BF5 /* Products */ = {
			isa = PBXGroup;
			children = (
				6A0B0B692CEED7C800547BF5 /* TaskListTracker.app */,
				6A0B0B792CEED7CA00547BF5 /* TaskListTrackerTests.xctest */,
				6A0B0B832CEED7CA00547BF5 /* TaskListTrackerUITests.xctest */,
			);
			name = Products;
			sourceTree = "<group>";
		};
/* End PBXGroup section */

/* Begin PBXNativeTarget section */
		6A0B0B682CEED7C800547BF5 /* TaskListTracker */ = {
			isa = PBXNativeTarget;
			buildConfigurationList = 6A0B0B8D2CEED7CA00547BF5 /* Build configuration list for PBXNativeTarget "TaskListTracker" */;
			buildPhases = (
				6A0B0B652CEED7C800547BF5 /* Sources */,
				6A0B0B662CEED7C800547BF5 /* Frameworks */,
				6A0B0B672CEED7C800547BF5 /* Resources */,
			);
			buildRules = (
			);
			dependencies = (
			);
			fileSystemSynchronizedGroups = (
				6A0B0B6B2CEED7C800547BF5 /* TaskListTracker */,
			);
			name = TaskListTracker;
			packageProductDependencies = (
			);
			productName = TaskListTracker;
			productReference = 6A0B0B692CEED7C800547BF5 /* TaskListTracker.app */;
			productType = "com.apple.product-type.application";
		};
		6A0B0B782CEED7CA00547BF5 /* TaskListTrackerTests */ = {
			isa = PBXNativeTarget;
			buildConfigurationList = 6A0B0B902CEED7CA00547BF5 /* Build configuration list for PBXNativeTarget "TaskListTrackerTests" */;
			buildPhases = (
				6A0B0B752CEED7CA00547BF5 /* Sources */,
				6A0B0B762CEED7CA00547BF5 /* Frameworks */,
				6A0B0B772CEED7CA00547BF5 /* Resources */,
			);
			buildRules = (
			);
			dependencies = (
				6A0B0B7B2CEED7CA00547BF5 /* PBXTargetDependency */,
			);
			fileSystemSynchronizedGroups = (
				6A0B0B7C2CEED7CA00547BF5 /* TaskListTrackerTests */,
			);
			name = TaskListTrackerTests;
			packageProductDependencies = (
			);
			productName = TaskListTrackerTests;
			productReference = 6A0B0B792CEED7CA00547BF5 /* TaskListTrackerTests.xctest */;
			productType = "com.apple.product-type.bundle.unit-test";
		};
		6A0B0B822CEED7CA00547BF5 /* TaskListTrackerUITests */ = {
			isa = PBXNativeTarget;
			buildConfigurationList = 6A0B0B932CEED7CA00547BF5 /* Build configuration list for PBXNativeTarget "TaskListTrackerUITests" */;
			buildPhases = (
				6A0B0B7F2CEED7CA00547BF5 /* Sources */,
				6A0B0B802CEED7CA00547BF5 /* Frameworks */,
				6A0B0B812CEED7CA00547BF5 /* Resources */,
			);
			buildRules = (
			);
			dependencies = (
				6A0B0B852CEED7CA00547BF5 /* PBXTargetDependency */,
			);
			fileSystemSynchronizedGroups = (
				6A0B0B862CEED7CA00547BF5 /* TaskListTrackerUITests */,
			);
			name = TaskListTrackerUITests;
			packageProductDependencies = (
			);
			productName = TaskListTrackerUITests;
			productReference = 6A0B0B832CEED7CA00547BF5 /* TaskListTrackerUITests.xctest */;
			productType = "com.apple.product-type.bundle.ui-testing";
		};
/* End PBXNativeTarget section */

/* Begin PBXProject section */
		6A0B0B612CEED7C800547BF5 /* Project object */ = {
			isa = PBXProject;
			attributes = {
				BuildIndependentTargetsInParallel = 1;
				LastSwiftUpdateCheck = 1610;
				LastUpgradeCheck = 1610;
				TargetAttributes = {
					6A0B0B682CEED7C800547BF5 = {
						CreatedOnToolsVersion = 16.1;
					};
					6A0B0B782CEED7CA00547BF5 = {
						CreatedOnToolsVersion = 16.1;
						TestTargetID = 6A0B0B682CEED7C800547BF5;
					};
					6A0B0B822CEED7CA00547BF5 = {
						CreatedOnToolsVersion = 16.1;
						TestTargetID = 6A0B0B682CEED7C800547BF5;
					};
				};
			};
			buildConfigurationList = 6A0B0B642CEED7C800547BF5 /* Build configuration list for PBXProject "TaskListTracker" */;
			developmentRegion = en;
			hasScannedForEncodings = 0;
			knownRegions = (
				en,
				Base,
			);
			mainGroup = 6A0B0B602CEED7C800547BF5;
			minimizedProjectReferenceProxies = 1;
			preferredProjectObjectVersion = 77;
			productRefGroup = 6A0B0B6A2CEED7C800547BF5 /* Products */;
			projectDirPath = "";
			projectRoot = "";
			targets = (
				6A0B0B682CEED7C800547BF5 /* TaskListTracker */,
				6A0B0B782CEED7CA00547BF5 /* TaskListTrackerTests */,
				6A0B0B822CEED7CA00547BF5 /* TaskListTrackerUITests */,
			);
		};
/* End PBXProject section */

/* Begin PBXResourcesBuildPhase section */
		6A0B0B672CEED7C800547BF5 /* Resources */ = {
			isa = PBXResourcesBuildPhase;
			buildActionMask = 2147483647;
			files = (
			);
			runOnlyForDeploymentPostprocessing = 0;
		};
		6A0B0B772CEED7CA00547BF5 /* Resources */ = {
			isa = PBXResourcesBuildPhase;
			buildActionMask = 2147483647;
			files = (
			);
			runOnlyForDeploymentPostprocessing = 0;
		};
		6A0B0B812CEED7CA00547BF5 /* Resources */ = {
			isa = PBXResourcesBuildPhase;
			buildActionMask = 2147483647;
			files = (
			);
			runOnlyForDeploymentPostprocessing = 0;
		};
/* End PBXResourcesBuildPhase section */

/* Begin PBXSourcesBuildPhase section */
		6A0B0B652CEED7C800547BF5 /* Sources */ = {
			isa = PBXSourcesBuildPhase;
			buildActionMask = 2147483647;
			files = (
				6A0B0BDA2CF0B0FF00547BF5 /* DividingView.swift in Sources */,
				6A0B0BDE2CF0FDBC00547BF5 /* AllTasksView.swift in Sources */,
			);
			runOnlyForDeploymentPostprocessing = 0;
		};
		6A0B0B752CEED7CA00547BF5 /* Sources */ = {
			isa = PBXSourcesBuildPhase;
			buildActionMask = 2147483647;
			files = (
			);
			runOnlyForDeploymentPostprocessing = 0;
		};
		6A0B0B7F2CEED7CA00547BF5 /* Sources */ = {
			isa = PBXSourcesBuildPhase;
			buildActionMask = 2147483647;
			files = (
			);
			runOnlyForDeploymentPostprocessing = 0;
		};
/* End PBXSourcesBuildPhase section */

/* Begin PBXTargetDependency section */
		6A0B0B7B2CEED7CA00547BF5 /* PBXTargetDependency */ = {
			isa = PBXTargetDependency;
			target = 6A0B0B682CEED7C800547BF5 /* TaskListTracker */;
			targetProxy = 6A0B0B7A2CEED7CA00547BF5 /* PBXContainerItemProxy */;
		};
		6A0B0B852CEED7CA00547BF5 /* PBXTargetDependency */ = {
			isa = PBXTargetDependency;
			target = 6A0B0B682CEED7C800547BF5 /* TaskListTracker */;
			targetProxy = 6A0B0B842CEED7CA00547BF5 /* PBXContainerItemProxy */;
		};
/* End PBXTargetDependency section */

/* Begin XCBuildConfiguration section */
		6A0B0B8B2CEED7CA00547BF5 /* Debug */ = {
			isa = XCBuildConfiguration;
			buildSettings = {
				ALWAYS_SEARCH_USER_PATHS = NO;
				ASSETCATALOG_COMPILER_GENERATE_SWIFT_ASSET_SYMBOL_EXTENSIONS = YES;
				CLANG_ANALYZER_NONNULL = YES;
				CLANG_ANALYZER_NUMBER_OBJECT_CONVERSION = YES_AGGRESSIVE;
				CLANG_CXX_LANGUAGE_STANDARD = "gnu++20";
				CLANG_ENABLE_MODULES = YES;
				CLANG_ENABLE_OBJC_ARC = YES;
				CLANG_ENABLE_OBJC_WEAK = YES;
				CLANG_WARN_BLOCK_CAPTURE_AUTORELEASING = YES;
				CLANG_WARN_BOOL_CONVERSION = YES;
				CLANG_WARN_COMMA = YES;
				CLANG_WARN_CONSTANT_CONVERSION = YES;
				CLANG_WARN_DEPRECATED_OBJC_IMPLEMENTATIONS = YES;
				CLANG_WARN_DIRECT_OBJC_ISA_USAGE = YES_ERROR;
				CLANG_WARN_DOCUMENTATION_COMMENTS = YES;
				CLANG_WARN_EMPTY_BODY = YES;
				CLANG_WARN_ENUM_CONVERSION = YES;
				CLANG_WARN_INFINITE_RECURSION = YES;
				CLANG_WARN_INT_CONVERSION = YES;
				CLANG_WARN_NON_LITERAL_NULL_CONVERSION = YES;
				CLANG_WARN_OBJC_IMPLICIT_RETAIN_SELF = YES;
				CLANG_WARN_OBJC_LITERAL_CONVERSION = YES;
				CLANG_WARN_OBJC_ROOT_CLASS = YES_ERROR;
				CLANG_WARN_QUOTED_INCLUDE_IN_FRAMEWORK_HEADER = YES;
				CLANG_WARN_RANGE_LOOP_ANALYSIS = YES;
				CLANG_WARN_STRICT_PROTOTYPES = YES;
				CLANG_WARN_SUSPICIOUS_MOVE = YES;
				CLANG_WARN_UNGUARDED_AVAILABILITY = YES_AGGRESSIVE;
				CLANG_WARN_UNREACHABLE_CODE = YES;
				CLANG_WARN__DUPLICATE_METHOD_MATCH = YES;
				COPY_PHASE_STRIP = NO;
				DEBUG_INFORMATION_FORMAT = dwarf;
				ENABLE_STRICT_OBJC_MSGSEND = YES;
				ENABLE_TESTABILITY = YES;
				ENABLE_USER_SCRIPT_SANDBOXING = YES;
				GCC_C_LANGUAGE_STANDARD = gnu17;
				GCC_DYNAMIC_NO_PIC = NO;
				GCC_NO_COMMON_BLOCKS = YES;
				GCC_OPTIMIZATION_LEVEL = 0;
				GCC_PREPROCESSOR_DEFINITIONS = (
					"DEBUG=1",
					"$(inherited)",
				);
				GCC_WARN_64_TO_32_BIT_CONVERSION = YES;
				GCC_WARN_ABOUT_RETURN_TYPE = YES_ERROR;
				GCC_WARN_UNDECLARED_SELECTOR = YES;
				GCC_WARN_UNINITIALIZED_AUTOS = YES_AGGRESSIVE;
				GCC_WARN_UNUSED_FUNCTION = YES;
				GCC_WARN_UNUSED_VARIABLE = YES;
				IPHONEOS_DEPLOYMENT_TARGET = 18.1;
				LOCALIZATION_PREFERS_STRING_CATALOGS = YES;
				MTL_ENABLE_DEBUG_INFO = INCLUDE_SOURCE;
				MTL_FAST_MATH = YES;
				ONLY_ACTIVE_ARCH = YES;
				SDKROOT = iphoneos;
				SWIFT_ACTIVE_COMPILATION_CONDITIONS = "DEBUG $(inherited)";
				SWIFT_OPTIMIZATION_LEVEL = "-Onone";
			};
			name = Debug;
		};
		6A0B0B8C2CEED7CA00547BF5 /* Release */ = {
			isa = XCBuildConfiguration;
			buildSettings = {
				ALWAYS_SEARCH_USER_PATHS = NO;
				ASSETCATALOG_COMPILER_GENERATE_SWIFT_ASSET_SYMBOL_EXTENSIONS = YES;
				CLANG_ANALYZER_NONNULL = YES;
				CLANG_ANALYZER_NUMBER_OBJECT_CONVERSION = YES_AGGRESSIVE;
				CLANG_CXX_LANGUAGE_STANDARD = "gnu++20";
				CLANG_ENABLE_MODULES = YES;
				CLANG_ENABLE_OBJC_ARC = YES;
				CLANG_ENABLE_OBJC_WEAK = YES;
				CLANG_WARN_BLOCK_CAPTURE_AUTORELEASING = YES;
				CLANG_WARN_BOOL_CONVERSION = YES;
				CLANG_WARN_COMMA = YES;
				CLANG_WARN_CONSTANT_CONVERSION = YES;
				CLANG_WARN_DEPRECATED_OBJC_IMPLEMENTATIONS = YES;
				CLANG_WARN_DIRECT_OBJC_ISA_USAGE = YES_ERROR;
				CLANG_WARN_DOCUMENTATION_COMMENTS = YES;
				CLANG_WARN_EMPTY_BODY = YES;
				CLANG_WARN_ENUM_CONVERSION = YES;
				CLANG_WARN_INFINITE_RECURSION = YES;
				CLANG_WARN_INT_CONVERSION = YES;
				CLANG_WARN_NON_LITERAL_NULL_CONVERSION = YES;
				CLANG_WARN_OBJC_IMPLICIT_RETAIN_SELF = YES;
				CLANG_WARN_OBJC_LITERAL_CONVERSION = YES;
				CLANG_WARN_OBJC_ROOT_CLASS = YES_ERROR;
				CLANG_WARN_QUOTED_INCLUDE_IN_FRAMEWORK_HEADER = YES;
				CLANG_WARN_RANGE_LOOP_ANALYSIS = YES;
				CLANG_WARN_STRICT_PROTOTYPES = YES;
				CLANG_WARN_SUSPICIOUS_MOVE = YES;
				CLANG_WARN_UNGUARDED_AVAILABILITY = YES_AGGRESSIVE;
				CLANG_WARN_UNREACHABLE_CODE = YES;
				CLANG_WARN__DUPLICATE_METHOD_MATCH = YES;
				COPY_PHASE_STRIP = NO;
				DEBUG_INFORMATION_FORMAT = "dwarf-with-dsym";
				ENABLE_NS_ASSERTIONS = NO;
				ENABLE_STRICT_OBJC_MSGSEND = YES;
				ENABLE_USER_SCRIPT_SANDBOXING = YES;
				GCC_C_LANGUAGE_STANDARD = gnu17;
				GCC_NO_COMMON_BLOCKS = YES;
				GCC_WARN_64_TO_32_BIT_CONVERSION = YES;
				GCC_WARN_ABOUT_RETURN_TYPE = YES_ERROR;
				GCC_WARN_UNDECLARED_SELECTOR = YES;
				GCC_WARN_UNINITIALIZED_AUTOS = YES_AGGRESSIVE;
				GCC_WARN_UNUSED_FUNCTION = YES;
				GCC_WARN_UNUSED_VARIABLE = YES;
				IPHONEOS_DEPLOYMENT_TARGET = 18.1;
				LOCALIZATION_PREFERS_STRING_CATALOGS = YES;
				MTL_ENABLE_DEBUG_INFO = NO;
				MTL_FAST_MATH = YES;
				SDKROOT = iphoneos;
				SWIFT_COMPILATION_MODE = wholemodule;
				VALIDATE_PRODUCT = YES;
			};
			name = Release;
		};
		6A0B0B8E2CEED7CA00547BF5 /* Debug */ = {
			isa = XCBuildConfiguration;
			buildSettings = {
				ASSETCATALOG_COMPILER_APPICON_NAME = AppIcon;
				ASSETCATALOG_COMPILER_GLOBAL_ACCENT_COLOR_NAME = AccentColor;
				CODE_SIGN_STYLE = Automatic;
				CURRENT_PROJECT_VERSION = 1;
				DEVELOPMENT_ASSET_PATHS = "\"TaskListTracker/Preview Content\"";
				DEVELOPMENT_TEAM = QDU9D5S7TH;
				ENABLE_PREVIEWS = YES;
				GENERATE_INFOPLIST_FILE = YES;
				INFOPLIST_KEY_UIApplicationSceneManifest_Generation = YES;
				INFOPLIST_KEY_UIApplicationSupportsIndirectInputEvents = YES;
				INFOPLIST_KEY_UILaunchScreen_Generation = YES;
				INFOPLIST_KEY_UISupportedInterfaceOrientations_iPad = "UIInterfaceOrientationPortrait UIInterfaceOrientationPortraitUpsideDown UIInterfaceOrientationLandscapeLeft UIInterfaceOrientationLandscapeRight";
				INFOPLIST_KEY_UISupportedInterfaceOrientations_iPhone = "UIInterfaceOrientationPortrait UIInterfaceOrientationLandscapeLeft UIInterfaceOrientationLandscapeRight";
				LD_RUNPATH_SEARCH_PATHS = (
					"$(inherited)",
					"@executable_path/Frameworks",
				);
				MARKETING_VERSION = 1.0;
				PRODUCT_BUNDLE_IDENTIFIER = adrino.rosario.TaskListTracker;
				PRODUCT_NAME = "$(TARGET_NAME)";
				SWIFT_EMIT_LOC_STRINGS = YES;
				SWIFT_VERSION = 5.0;
				TARGETED_DEVICE_FAMILY = "1,2";
			};
			name = Debug;
		};
		6A0B0B8F2CEED7CA00547BF5 /* Release */ = {
			isa = XCBuildConfiguration;
			buildSettings = {
				ASSETCATALOG_COMPILER_APPICON_NAME = AppIcon;
				ASSETCATALOG_COMPILER_GLOBAL_ACCENT_COLOR_NAME = AccentColor;
				CODE_SIGN_STYLE = Automatic;
				CURRENT_PROJECT_VERSION = 1;
				DEVELOPMENT_ASSET_PATHS = "\"TaskListTracker/Preview Content\"";
				DEVELOPMENT_TEAM = QDU9D5S7TH;
				ENABLE_PREVIEWS = YES;
				GENERATE_INFOPLIST_FILE = YES;
				INFOPLIST_KEY_UIApplicationSceneManifest_Generation = YES;
				INFOPLIST_KEY_UIApplicationSupportsIndirectInputEvents = YES;
				INFOPLIST_KEY_UILaunchScreen_Generation = YES;
				INFOPLIST_KEY_UISupportedInterfaceOrientations_iPad = "UIInterfaceOrientationPortrait UIInterfaceOrientationPortraitUpsideDown UIInterfaceOrientationLandscapeLeft UIInterfaceOrientationLandscapeRight";
				INFOPLIST_KEY_UISupportedInterfaceOrientations_iPhone = "UIInterfaceOrientationPortrait UIInterfaceOrientationLandscapeLeft UIInterfaceOrientationLandscapeRight";
				LD_RUNPATH_SEARCH_PATHS = (
					"$(inherited)",
					"@executable_path/Frameworks",
				);
				MARKETING_VERSION = 1.0;
				PRODUCT_BUNDLE_IDENTIFIER = adrino.rosario.TaskListTracker;
				PRODUCT_NAME = "$(TARGET_NAME)";
				SWIFT_EMIT_LOC_STRINGS = YES;
				SWIFT_VERSION = 5.0;
				TARGETED_DEVICE_FAMILY = "1,2";
			};
			name = Release;
		};
		6A0B0B912CEED7CA00547BF5 /* Debug */ = {
			isa = XCBuildConfiguration;
			buildSettings = {
				BUNDLE_LOADER = "$(TEST_HOST)";
				CODE_SIGN_STYLE = Automatic;
				CURRENT_PROJECT_VERSION = 1;
				DEVELOPMENT_TEAM = QDU9D5S7TH;
				GENERATE_INFOPLIST_FILE = YES;
				IPHONEOS_DEPLOYMENT_TARGET = 18.1;
				MARKETING_VERSION = 1.0;
				PRODUCT_BUNDLE_IDENTIFIER = adrino.rosario.TaskListTrackerTests;
				PRODUCT_NAME = "$(TARGET_NAME)";
				SWIFT_EMIT_LOC_STRINGS = NO;
				SWIFT_VERSION = 5.0;
				TARGETED_DEVICE_FAMILY = "1,2";
				TEST_HOST = "$(BUILT_PRODUCTS_DIR)/TaskListTracker.app/$(BUNDLE_EXECUTABLE_FOLDER_PATH)/TaskListTracker";
			};
			name = Debug;
		};
		6A0B0B922CEED7CA00547BF5 /* Release */ = {
			isa = XCBuildConfiguration;
			buildSettings = {
				BUNDLE_LOADER = "$(TEST_HOST)";
				CODE_SIGN_STYLE = Automatic;
				CURRENT_PROJECT_VERSION = 1;
				DEVELOPMENT_TEAM = QDU9D5S7TH;
				GENERATE_INFOPLIST_FILE = YES;
				IPHONEOS_DEPLOYMENT_TARGET = 18.1;
				MARKETING_VERSION = 1.0;
				PRODUCT_BUNDLE_IDENTIFIER = adrino.rosario.TaskListTrackerTests;
				PRODUCT_NAME = "$(TARGET_NAME)";
				SWIFT_EMIT_LOC_STRINGS = NO;
				SWIFT_VERSION = 5.0;
				TARGETED_DEVICE_FAMILY = "1,2";
				TEST_HOST = "$(BUILT_PRODUCTS_DIR)/TaskListTracker.app/$(BUNDLE_EXECUTABLE_FOLDER_PATH)/TaskListTracker";
			};
			name = Release;
		};
		6A0B0B942CEED7CA00547BF5 /* Debug */ = {
			isa = XCBuildConfiguration;
			buildSettings = {
				CODE_SIGN_STYLE = Automatic;
				CURRENT_PROJECT_VERSION = 1;
				DEVELOPMENT_TEAM = QDU9D5S7TH;
				GENERATE_INFOPLIST_FILE = YES;
				MARKETING_VERSION = 1.0;
				PRODUCT_BUNDLE_IDENTIFIER = adrino.rosario.TaskListTrackerUITests;
				PRODUCT_NAME = "$(TARGET_NAME)";
				SWIFT_EMIT_LOC_STRINGS = NO;
				SWIFT_VERSION = 5.0;
				TARGETED_DEVICE_FAMILY = "1,2";
				TEST_TARGET_NAME = TaskListTracker;
			};
			name = Debug;
		};
		6A0B0B952CEED7CA00547BF5 /* Release */ = {
			isa = XCBuildConfiguration;
			buildSettings = {
				CODE_SIGN_STYLE = Automatic;
				CURRENT_PROJECT_VERSION = 1;
				DEVELOPMENT_TEAM = QDU9D5S7TH;
				GENERATE_INFOPLIST_FILE = YES;
				MARKETING_VERSION = 1.0;
				PRODUCT_BUNDLE_IDENTIFIER = adrino.rosario.TaskListTrackerUITests;
				PRODUCT_NAME = "$(TARGET_NAME)";
				SWIFT_EMIT_LOC_STRINGS = NO;
				SWIFT_VERSION = 5.0;
				TARGETED_DEVICE_FAMILY = "1,2";
				TEST_TARGET_NAME = TaskListTracker;
			};
			name = Release;
		};
/* End XCBuildConfiguration section */

/* Begin XCConfigurationList section */
		6A0B0B642CEED7C800547BF5 /* Build configuration list for PBXProject "TaskListTracker" */ = {
			isa = XCConfigurationList;
			buildConfigurations = (
				6A0B0B8B2CEED7CA00547BF5 /* Debug */,
				6A0B0B8C2CEED7CA00547BF5 /* Release */,
			);
			defaultConfigurationIsVisible = 0;
			defaultConfigurationName = Release;
		};
		6A0B0B8D2CEED7CA00547BF5 /* Build configuration list for PBXNativeTarget "TaskListTracker" */ = {
			isa = XCConfigurationList;
			buildConfigurations = (
				6A0B0B8E2CEED7CA00547BF5 /* Debug */,
				6A0B0B8F2CEED7CA00547BF5 /* Release */,
			);
			defaultConfigurationIsVisible = 0;
			defaultConfigurationName = Release;
		};
		6A0B0B902CEED7CA00547BF5 /* Build configuration list for PBXNativeTarget "TaskListTrackerTests" */ = {
			isa = XCConfigurationList;
			buildConfigurations = (
				6A0B0B912CEED7CA00547BF5 /* Debug */,
				6A0B0B922CEED7CA00547BF5 /* Release */,
			);
			defaultConfigurationIsVisible = 0;
			defaultConfigurationName = Release;
		};
		6A0B0B932CEED7CA00547BF5 /* Build configuration list for PBXNativeTarget "TaskListTrackerUITests" */ = {
			isa = XCConfigurationList;
			buildConfigurations = (
				6A0B0B942CEED7CA00547BF5 /* Debug */,
				6A0B0B952CEED7CA00547BF5 /* Release */,
			);
			defaultConfigurationIsVisible = 0;
			defaultConfigurationName = Release;
		};
/* End XCConfigurationList section */
	};
	rootObject = 6A0B0B612CEED7C800547BF5 /* Project object */;
}
